
Microsoft Visual Studio Solution File, Format Version 12.00
# Visual Studio Version 16
VisualStudioVersion = 16.0.31911.196
MinimumVisualStudioVersion = 10.0.40219.1
Project("{FAE04EC0-301F-11D3-BF4B-00C04F79EFBC}") = "EF_DbFirst_LINQ", "EF_DbFirst_LINQ\EF_DbFirst_LINQ.csproj", "{EBF62FCE-5FD1-4C82-864E-B1251726C04E}"
EndProject
Global
	GlobalSection(SolutionConfigurationPlatforms) = preSolution
		Debug|Any CPU = Debug|Any CPU
		Release|Any CPU = Release|Any CPU
	EndGlobalSection
	GlobalSection(ProjectConfigurationPlatforms) = postSolution
		{EBF62FCE-5FD1-4C82-864E-B1251726C04E}.Debug|Any CPU.ActiveCfg = Debug|Any CPU
		{EBF62FCE-5FD1-4C82-864E-B1251726C04E}.Debug|Any CPU.Build.0 = Debug|Any CPU
		{EBF62FCE-5FD1-4C82-864E-B1251726C04E}.Release|Any CPU.ActiveCfg = Release|Any CPU
		{EBF62FCE-5FD1-4C82-864E-B1251726C04E}.Release|Any CPU.Build.0 = Release|Any CPU
	EndGlobalSection
	GlobalSection(SolutionProperties) = preSolution
		HideSolutionNode = FALSE
	EndGlobalSection
	GlobalSection(ExtensibilityGlobals) = postSolution
		SolutionGuid = {1DA57666-844A-456C-A860-3CF3E5A04110}
	EndGlobalSection
EndGlobal
